// !$*UTF8*$!
{
	archiveVersion = 1;
	classes = {
	};
	objectVersion = 56;
	objects = {

/* Begin PBXBuildFile section */
		7F032AB22BE4ABDF009D348B /* PhotoAlbumView.swift in Sources */ = {isa = PBXBuildFile; fileRef = 7F032AB12BE4ABDF009D348B /* PhotoAlbumView.swift */; };
		7F032AB42BE4BE00009D348B /* MapView.swift in Sources */ = {isa = PBXBuildFile; fileRef = 7F032AB32BE4BE00009D348B /* MapView.swift */; };
		7F20DD3A2BE3783C00D238FF /* IOSFirstApp_38App.swift in Sources */ = {isa = PBXBuildFile; fileRef = 7F20DD392BE3783C00D238FF /* IOSFirstApp_38App.swift */; };
		7F20DD3C2BE3783C00D238FF /* ContentView.swift in Sources */ = {isa = PBXBuildFile; fileRef = 7F20DD3B2BE3783C00D238FF /* ContentView.swift */; };
		7F20DD3E2BE3784400D238FF /* Assets.xcassets in Resources */ = {isa = PBXBuildFile; fileRef = 7F20DD3D2BE3784400D238FF /* Assets.xcassets */; };
		7F20DD412BE3784400D238FF /* Preview Assets.xcassets in Resources */ = {isa = PBXBuildFile; fileRef = 7F20DD402BE3784400D238FF /* Preview Assets.xcassets */; };
		7F45E56A2BEDD9DB009CBB9E /* Zoom.swift in Sources */ = {isa = PBXBuildFile; fileRef = 7F45E5692BEDD9DB009CBB9E /* Zoom.swift */; };
		7F45E56C2BEDF103009CBB9E /* SwitchView.swift in Sources */ = {isa = PBXBuildFile; fileRef = 7F45E56B2BEDF103009CBB9E /* SwitchView.swift */; };
		7F83FA882BEDA383005BC430 /* Zoomable in Frameworks */ = {isa = PBXBuildFile; productRef = 7F83FA872BEDA383005BC430 /* Zoomable */; };
		7F9346472BE8A4F600075FE6 /* OkutamaPhotos.swift in Sources */ = {isa = PBXBuildFile; fileRef = 7F9346462BE8A4F600075FE6 /* OkutamaPhotos.swift */; };
		7FD3A2222BE46B940000110D /* CamreaDetailView.swift in Sources */ = {isa = PBXBuildFile; fileRef = 7FD3A2212BE46B940000110D /* CamreaDetailView.swift */; };
		7FD3A2262BE479EE0000110D /* PhotoShootView.swift in Sources */ = {isa = PBXBuildFile; fileRef = 7FD3A2252BE479EE0000110D /* PhotoShootView.swift */; };
/* End PBXBuildFile section */

/* Begin PBXFileReference section */
		7F032AB12BE4ABDF009D348B /* PhotoAlbumView.swift */ = {isa = PBXFileReference; lastKnownFileType = sourcecode.swift; path = PhotoAlbumView.swift; sourceTree = "<group>"; };
		7F032AB32BE4BE00009D348B /* MapView.swift */ = {isa = PBXFileReference; lastKnownFileType = sourcecode.swift; path = MapView.swift; sourceTree = "<group>"; };
		7F20DD362BE3783C00D238FF /* IOSFirstApp_38.app */ = {isa = PBXFileReference; explicitFileType = wrapper.application; includeInIndex = 0; path = IOSFirstApp_38.app; sourceTree = BUILT_PRODUCTS_DIR; };
		7F20DD392BE3783C00D238FF /* IOSFirstApp_38App.swift */ = {isa = PBXFileReference; lastKnownFileType = sourcecode.swift; path = IOSFirstApp_38App.swift; sourceTree = "<group>"; };
		7F20DD3B2BE3783C00D238FF /* ContentView.swift */ = {isa = PBXFileReference; lastKnownFileType = sourcecode.swift; path = ContentView.swift; sourceTree = "<group>"; };
		7F20DD3D2BE3784400D238FF /* Assets.xcassets */ = {isa = PBXFileReference; lastKnownFileType = folder.assetcatalog; path = Assets.xcassets; sourceTree = "<group>"; };
		7F20DD402BE3784400D238FF /* Preview Assets.xcassets */ = {isa = PBXFileReference; lastKnownFileType = folder.assetcatalog; path = "Preview Assets.xcassets"; sourceTree = "<group>"; };
		7F45E5692BEDD9DB009CBB9E /* Zoom.swift */ = {isa = PBXFileReference; lastKnownFileType = sourcecode.swift; path = Zoom.swift; sourceTree = "<group>"; };
		7F45E56B2BEDF103009CBB9E /* SwitchView.swift */ = {isa = PBXFileReference; lastKnownFileType = sourcecode.swift; path = SwitchView.swift; sourceTree = "<group>"; };
		7F9346462BE8A4F600075FE6 /* OkutamaPhotos.swift */ = {isa = PBXFileReference; lastKnownFileType = sourcecode.swift; path = OkutamaPhotos.swift; sourceTree = "<group>"; };
		7FD3A2212BE46B940000110D /* CamreaDetailView.swift */ = {isa = PBXFileReference; lastKnownFileType = sourcecode.swift; path = CamreaDetailView.swift; sourceTree = "<group>"; };
		7FD3A2252BE479EE0000110D /* PhotoShootView.swift */ = {isa = PBXFileReference; lastKnownFileType = sourcecode.swift; path = PhotoShootView.swift; sourceTree = "<group>"; };
/* End PBXFileReference section */

/* Begin PBXFrameworksBuildPhase section */
		7F20DD332BE3783C00D238FF /* Frameworks */ = {
			isa = PBXFrameworksBuildPhase;
			buildActionMask = 2147483647;
			files = (
				7F83FA882BEDA383005BC430 /* Zoomable in Frameworks */,
			);
			runOnlyForDeploymentPostprocessing = 0;
		};
/* End PBXFrameworksBuildPhase section */

/* Begin PBXGroup section */
		7F20DD2D2BE3783C00D238FF = {
			isa = PBXGroup;
			children = (
				7F20DD382BE3783C00D238FF /* IOSFirstApp_38 */,
				7F20DD372BE3783C00D238FF /* Products */,
			);
			sourceTree = "<group>";
		};
		7F20DD372BE3783C00D238FF /* Products */ = {
			isa = PBXGroup;
			children = (
				7F20DD362BE3783C00D238FF /* IOSFirstApp_38.app */,
			);
			name = Products;
			sourceTree = "<group>";
		};
		7F20DD382BE3783C00D238FF /* IOSFirstApp_38 */ = {
			isa = PBXGroup;
			children = (
				7F20DD392BE3783C00D238FF /* IOSFirstApp_38App.swift */,
				7F20DD3B2BE3783C00D238FF /* ContentView.swift */,
				7FD3A2212BE46B940000110D /* CamreaDetailView.swift */,
				7F9346462BE8A4F600075FE6 /* OkutamaPhotos.swift */,
				7FD3A2252BE479EE0000110D /* PhotoShootView.swift */,
				7F45E5692BEDD9DB009CBB9E /* Zoom.swift */,
				7F45E56B2BEDF103009CBB9E /* SwitchView.swift */,
				7F032AB32BE4BE00009D348B /* MapView.swift */,
				7F032AB12BE4ABDF009D348B /* PhotoAlbumView.swift */,
				7F20DD3D2BE3784400D238FF /* Assets.xcassets */,
				7F20DD3F2BE3784400D238FF /* Preview Content */,
			);
			path = IOSFirstApp_38;
			sourceTree = "<group>";
		};
		7F20DD3F2BE3784400D238FF /* Preview Content */ = {
			isa = PBXGroup;
			children = (
				7F20DD402BE3784400D238FF /* Preview Assets.xcassets */,
			);
			path = "Preview Content";
			sourceTree = "<group>";
		};
/* End PBXGroup section */

/* Begin PBXNativeTarget section */
		7F20DD352BE3783C00D238FF /* IOSFirstApp_38 */ = {
			isa = PBXNativeTarget;
			buildConfigurationList = 7F20DD442BE3784400D238FF /* Build configuration list for PBXNativeTarget "IOSFirstApp_38" */;
			buildPhases = (
				7F20DD322BE3783C00D238FF /* Sources */,
				7F20DD332BE3783C00D238FF /* Frameworks */,
				7F20DD342BE3783C00D238FF /* Resources */,
			);
			buildRules = (
			);
			dependencies = (
			);
			name = IOSFirstApp_38;
			packageProductDependencies = (
				7F83FA872BEDA383005BC430 /* Zoomable */,
			);
			productName = IOSFirstApp_38;
			productReference = 7F20DD362BE3783C00D238FF /* IOSFirstApp_38.app */;
			productType = "com.apple.product-type.application";
		};
/* End PBXNativeTarget section */

/* Begin PBXProject section */
		7F20DD2E2BE3783C00D238FF /* Project object */ = {
			isa = PBXProject;
			attributes = {
				BuildIndependentTargetsInParallel = 1;
				LastSwiftUpdateCheck = 1530;
				LastUpgradeCheck = 1530;
				TargetAttributes = {
					7F20DD352BE3783C00D238FF = {
						CreatedOnToolsVersion = 15.3;
					};
				};
			};
			buildConfigurationList = 7F20DD312BE3783C00D238FF /* Build configuration list for PBXProject "IOSFirstApp_38" */;
			compatibilityVersion = "Xcode 14.0";
			developmentRegion = en;
			hasScannedForEncodings = 0;
			knownRegions = (
				en,
				Base,
			);
			mainGroup = 7F20DD2D2BE3783C00D238FF;
			packageReferences = (
				7F83FA862BEDA383005BC430 /* XCRemoteSwiftPackageReference "Zoomable" */,
			);
			productRefGroup = 7F20DD372BE3783C00D238FF /* Products */;
			projectDirPath = "";
			projectRoot = "";
			targets = (
				7F20DD352BE3783C00D238FF /* IOSFirstApp_38 */,
			);
		};
/* End PBXProject section */

/* Begin PBXResourcesBuildPhase section */
		7F20DD342BE3783C00D238FF /* Resources */ = {
			isa = PBXResourcesBuildPhase;
			buildActionMask = 2147483647;
			files = (
				7F20DD412BE3784400D238FF /* Preview Assets.xcassets in Resources */,
				7F20DD3E2BE3784400D238FF /* Assets.xcassets in Resources */,
			);
			runOnlyForDeploymentPostprocessing = 0;
		};
/* End PBXResourcesBuildPhase section */

/* Begin PBXSourcesBuildPhase section */
		7F20DD322BE3783C00D238FF /* Sources */ = {
			isa = PBXSourcesBuildPhase;
			buildActionMask = 2147483647;
			files = (
				7FD3A2222BE46B940000110D /* CamreaDetailView.swift in Sources */,
				7F9346472BE8A4F600075FE6 /* OkutamaPhotos.swift in Sources */,
				7F45E56A2BEDD9DB009CBB9E /* Zoom.swift in Sources */,
				7F032AB42BE4BE00009D348B /* MapView.swift in Sources */,
				7FD3A2262BE479EE0000110D /* PhotoShootView.swift in Sources */,
				7F20DD3C2BE3783C00D238FF /* ContentView.swift in Sources */,
				7F20DD3A2BE3783C00D238FF /* IOSFirstApp_38App.swift in Sources */,
				7F032AB22BE4ABDF009D348B /* PhotoAlbumView.swift in Sources */,
				7F45E56C2BEDF103009CBB9E /* SwitchView.swift in Sources */,
			);
			runOnlyForDeploymentPostprocessing = 0;
		};
/* End PBXSourcesBuildPhase section */

/* Begin XCBuildConfiguration section */
		7F20DD422BE3784400D238FF /* Debug */ = {
			isa = XCBuildConfiguration;
			buildSettings = {
				ALWAYS_SEARCH_USER_PATHS = NO;
				ASSETCATALOG_COMPILER_GENERATE_SWIFT_ASSET_SYMBOL_EXTENSIONS = YES;
				CLANG_ANALYZER_NONNULL = YES;
				CLANG_ANALYZER_NUMBER_OBJECT_CONVERSION = YES_AGGRESSIVE;
				CLANG_CXX_LANGUAGE_STANDARD = "gnu++20";
				CLANG_ENABLE_MODULES = YES;
				CLANG_ENABLE_OBJC_ARC = YES;
				CLANG_ENABLE_OBJC_WEAK = YES;
				CLANG_WARN_BLOCK_CAPTURE_AUTORELEASING = YES;
				CLANG_WARN_BOOL_CONVERSION = YES;
				CLANG_WARN_COMMA = YES;
				CLANG_WARN_CONSTANT_CONVERSION = YES;
				CLANG_WARN_DEPRECATED_OBJC_IMPLEMENTATIONS = YES;
				CLANG_WARN_DIRECT_OBJC_ISA_USAGE = YES_ERROR;
				CLANG_WARN_DOCUMENTATION_COMMENTS = YES;
				CLANG_WARN_EMPTY_BODY = YES;
				CLANG_WARN_ENUM_CONVERSION = YES;
				CLANG_WARN_INFINITE_RECURSION = YES;
				CLANG_WARN_INT_CONVERSION = YES;
				CLANG_WARN_NON_LITERAL_NULL_CONVERSION = YES;
				CLANG_WARN_OBJC_IMPLICIT_RETAIN_SELF = YES;
				CLANG_WARN_OBJC_LITERAL_CONVERSION = YES;
				CLANG_WARN_OBJC_ROOT_CLASS = YES_ERROR;
				CLANG_WARN_QUOTED_INCLUDE_IN_FRAMEWORK_HEADER = YES;
				CLANG_WARN_RANGE_LOOP_ANALYSIS = YES;
				CLANG_WARN_STRICT_PROTOTYPES = YES;
				CLANG_WARN_SUSPICIOUS_MOVE = YES;
				CLANG_WARN_UNGUARDED_AVAILABILITY = YES_AGGRESSIVE;
				CLANG_WARN_UNREACHABLE_CODE = YES;
				CLANG_WARN__DUPLICATE_METHOD_MATCH = YES;
				COPY_PHASE_STRIP = NO;
				DEBUG_INFORMATION_FORMAT = dwarf;
				ENABLE_STRICT_OBJC_MSGSEND = YES;
				ENABLE_TESTABILITY = YES;
				ENABLE_USER_SCRIPT_SANDBOXING = YES;
				GCC_C_LANGUAGE_STANDARD = gnu17;
				GCC_DYNAMIC_NO_PIC = NO;
				GCC_NO_COMMON_BLOCKS = YES;
				GCC_OPTIMIZATION_LEVEL = 0;
				GCC_PREPROCESSOR_DEFINITIONS = (
					"DEBUG=1",
					"$(inherited)",
				);
				GCC_WARN_64_TO_32_BIT_CONVERSION = YES;
				GCC_WARN_ABOUT_RETURN_TYPE = YES_ERROR;
				GCC_WARN_UNDECLARED_SELECTOR = YES;
				GCC_WARN_UNINITIALIZED_AUTOS = YES_AGGRESSIVE;
				GCC_WARN_UNUSED_FUNCTION = YES;
				GCC_WARN_UNUSED_VARIABLE = YES;
				IPHONEOS_DEPLOYMENT_TARGET = 17.4;
				LOCALIZATION_PREFERS_STRING_CATALOGS = YES;
				MTL_ENABLE_DEBUG_INFO = INCLUDE_SOURCE;
				MTL_FAST_MATH = YES;
				ONLY_ACTIVE_ARCH = YES;
				SDKROOT = iphoneos;
				SWIFT_ACTIVE_COMPILATION_CONDITIONS = "DEBUG $(inherited)";
				SWIFT_OPTIMIZATION_LEVEL = "-Onone";
			};
			name = Debug;
		};
		7F20DD432BE3784400D238FF /* Release */ = {
			isa = XCBuildConfiguration;
			buildSettings = {
				ALWAYS_SEARCH_USER_PATHS = NO;
				ASSETCATALOG_COMPILER_GENERATE_SWIFT_ASSET_SYMBOL_EXTENSIONS = YES;
				CLANG_ANALYZER_NONNULL = YES;
				CLANG_ANALYZER_NUMBER_OBJECT_CONVERSION = YES_AGGRESSIVE;
				CLANG_CXX_LANGUAGE_STANDARD = "gnu++20";
				CLANG_ENABLE_MODULES = YES;
				CLANG_ENABLE_OBJC_ARC = YES;
				CLANG_ENABLE_OBJC_WEAK = YES;
				CLANG_WARN_BLOCK_CAPTURE_AUTORELEASING = YES;
				CLANG_WARN_BOOL_CONVERSION = YES;
				CLANG_WARN_COMMA = YES;
				CLANG_WARN_CONSTANT_CONVERSION = YES;
				CLANG_WARN_DEPRECATED_OBJC_IMPLEMENTATIONS = YES;
				CLANG_WARN_DIRECT_OBJC_ISA_USAGE = YES_ERROR;
				CLANG_WARN_DOCUMENTATION_COMMENTS = YES;
				CLANG_WARN_EMPTY_BODY = YES;
				CLANG_WARN_ENUM_CONVERSION = YES;
				CLANG_WARN_INFINITE_RECURSION = YES;
				CLANG_WARN_INT_CONVERSION = YES;
				CLANG_WARN_NON_LITERAL_NULL_CONVERSION = YES;
				CLANG_WARN_OBJC_IMPLICIT_RETAIN_SELF = YES;
				CLANG_WARN_OBJC_LITERAL_CONVERSION = YES;
				CLANG_WARN_OBJC_ROOT_CLASS = YES_ERROR;
				CLANG_WARN_QUOTED_INCLUDE_IN_FRAMEWORK_HEADER = YES;
				CLANG_WARN_RANGE_LOOP_ANALYSIS = YES;
				CLANG_WARN_STRICT_PROTOTYPES = YES;
				CLANG_WARN_SUSPICIOUS_MOVE = YES;
				CLANG_WARN_UNGUARDED_AVAILABILITY = YES_AGGRESSIVE;
				CLANG_WARN_UNREACHABLE_CODE = YES;
				CLANG_WARN__DUPLICATE_METHOD_MATCH = YES;
				COPY_PHASE_STRIP = NO;
				DEBUG_INFORMATION_FORMAT = "dwarf-with-dsym";
				ENABLE_NS_ASSERTIONS = NO;
				ENABLE_STRICT_OBJC_MSGSEND = YES;
				ENABLE_USER_SCRIPT_SANDBOXING = YES;
				GCC_C_LANGUAGE_STANDARD = gnu17;
				GCC_NO_COMMON_BLOCKS = YES;
				GCC_WARN_64_TO_32_BIT_CONVERSION = YES;
				GCC_WARN_ABOUT_RETURN_TYPE = YES_ERROR;
				GCC_WARN_UNDECLARED_SELECTOR = YES;
				GCC_WARN_UNINITIALIZED_AUTOS = YES_AGGRESSIVE;
				GCC_WARN_UNUSED_FUNCTION = YES;
				GCC_WARN_UNUSED_VARIABLE = YES;
				IPHONEOS_DEPLOYMENT_TARGET = 17.4;
				LOCALIZATION_PREFERS_STRING_CATALOGS = YES;
				MTL_ENABLE_DEBUG_INFO = NO;
				MTL_FAST_MATH = YES;
				SDKROOT = iphoneos;
				SWIFT_COMPILATION_MODE = wholemodule;
				VALIDATE_PRODUCT = YES;
			};
			name = Release;
		};
		7F20DD452BE3784400D238FF /* Debug */ = {
			isa = XCBuildConfiguration;
			buildSettings = {
				ASSETCATALOG_COMPILER_APPICON_NAME = AppIcon;
				ASSETCATALOG_COMPILER_GLOBAL_ACCENT_COLOR_NAME = AccentColor;
				ASSETCATALOG_COMPILER_INCLUDE_ALL_APPICON_ASSETS = NO;
				CODE_SIGN_STYLE = Automatic;
				CURRENT_PROJECT_VERSION = 1;
				DEVELOPMENT_ASSET_PATHS = "\"IOSFirstApp_38/Preview Content\"";
				DEVELOPMENT_TEAM = GNG4VLAQ7U;
				ENABLE_PREVIEWS = YES;
				GENERATE_INFOPLIST_FILE = YES;
				INFOPLIST_KEY_UIApplicationSceneManifest_Generation = YES;
				INFOPLIST_KEY_UIApplicationSupportsIndirectInputEvents = YES;
				INFOPLIST_KEY_UILaunchScreen_Generation = YES;
				INFOPLIST_KEY_UILaunchStoryboardName = "";
				INFOPLIST_KEY_UISupportedInterfaceOrientations_iPad = "UIInterfaceOrientationPortrait UIInterfaceOrientationPortraitUpsideDown";
				INFOPLIST_KEY_UISupportedInterfaceOrientations_iPhone = UIInterfaceOrientationPortrait;
				INFOPLIST_KEY_UIUserInterfaceStyle = Light;
				LD_RUNPATH_SEARCH_PATHS = (
					"$(inherited)",
					"@executable_path/Frameworks",
				);
				MARKETING_VERSION = 1.0;
				PRODUCT_BUNDLE_IDENTIFIER = "jp.ac.jec.cm0138.IOSFirstApp-38";
				PRODUCT_NAME = "$(TARGET_NAME)";
				SWIFT_EMIT_LOC_STRINGS = YES;
				SWIFT_VERSION = 5.0;
				TARGETED_DEVICE_FAMILY = "1,2";
			};
			name = Debug;
		};
		7F20DD462BE3784400D238FF /* Release */ = {
			isa = XCBuildConfiguration;
			buildSettings = {
				ASSETCATALOG_COMPILER_APPICON_NAME = AppIcon;
				ASSETCATALOG_COMPILER_GLOBAL_ACCENT_COLOR_NAME = AccentColor;
				ASSETCATALOG_COMPILER_INCLUDE_ALL_APPICON_ASSETS = NO;
				CODE_SIGN_STYLE = Automatic;
				CURRENT_PROJECT_VERSION = 1;
				DEVELOPMENT_ASSET_PATHS = "\"IOSFirstApp_38/Preview Content\"";
				DEVELOPMENT_TEAM = GNG4VLAQ7U;
				ENABLE_PREVIEWS = YES;
				GENERATE_INFOPLIST_FILE = YES;
				INFOPLIST_KEY_UIApplicationSceneManifest_Generation = YES;
				INFOPLIST_KEY_UIApplicationSupportsIndirectInputEvents = YES;
				INFOPLIST_KEY_UILaunchScreen_Generation = YES;
				INFOPLIST_KEY_UILaunchStoryboardName = "";
				INFOPLIST_KEY_UISupportedInterfaceOrientations_iPad = "UIInterfaceOrientationPortrait UIInterfaceOrientationPortraitUpsideDown";
				INFOPLIST_KEY_UISupportedInterfaceOrientations_iPhone = UIInterfaceOrientationPortrait;
				INFOPLIST_KEY_UIUserInterfaceStyle = Light;
				LD_RUNPATH_SEARCH_PATHS = (
					"$(inherited)",
					"@executable_path/Frameworks",
				);
				MARKETING_VERSION = 1.0;
				PRODUCT_BUNDLE_IDENTIFIER = "jp.ac.jec.cm0138.IOSFirstApp-38";
				PRODUCT_NAME = "$(TARGET_NAME)";
				SWIFT_EMIT_LOC_STRINGS = YES;
				SWIFT_VERSION = 5.0;
				TARGETED_DEVICE_FAMILY = "1,2";
			};
			name = Release;
		};
/* End XCBuildConfiguration section */

/* Begin XCConfigurationList section */
		7F20DD312BE3783C00D238FF /* Build configuration list for PBXProject "IOSFirstApp_38" */ = {
			isa = XCConfigurationList;
			buildConfigurations = (
				7F20DD422BE3784400D238FF /* Debug */,
				7F20DD432BE3784400D238FF /* Release */,
			);
			defaultConfigurationIsVisible = 0;
			defaultConfigurationName = Release;
		};
		7F20DD442BE3784400D238FF /* Build configuration list for PBXNativeTarget "IOSFirstApp_38" */ = {
			isa = XCConfigurationList;
			buildConfigurations = (
				7F20DD452BE3784400D238FF /* Debug */,
				7F20DD462BE3784400D238FF /* Release */,
			);
			defaultConfigurationIsVisible = 0;
			defaultConfigurationName = Release;
		};
/* End XCConfigurationList section */

/* Begin XCRemoteSwiftPackageReference section */
		7F83FA862BEDA383005BC430 /* XCRemoteSwiftPackageReference "Zoomable" */ = {
			isa = XCRemoteSwiftPackageReference;
			repositoryURL = "https://github.com/ryohey/Zoomable.git";
			requirement = {
				branch = main;
				kind = branch;
			};
		};
/* End XCRemoteSwiftPackageReference section */

/* Begin XCSwiftPackageProductDependency section */
		7F83FA872BEDA383005BC430 /* Zoomable */ = {
			isa = XCSwiftPackageProductDependency;
			package = 7F83FA862BEDA383005BC430 /* XCRemoteSwiftPackageReference "Zoomable" */;
			productName = Zoomable;
		};
/* End XCSwiftPackageProductDependency section */
	};
	rootObject = 7F20DD2E2BE3783C00D238FF /* Project object */;
}
